
Microsoft Visual Studio Solution File, Format Version 12.00
# Visual Studio Version 16
VisualStudioVersion = 16.0.28803.156
MinimumVisualStudioVersion = 10.0.40219.1
Project("{FAE04EC0-301F-11D3-BF4B-00C04F79EFBC}") = "IanAdairPlumbingAndHeating", "IanAdairPlumbingAndHeating.csproj", "{5565DC13-DAFC-4CBE-A028-B80BD9409CC8}"
EndProject
Global
	GlobalSection(SolutionConfigurationPlatforms) = preSolution
		Debug|Any CPU = Debug|Any CPU
		Release|Any CPU = Release|Any CPU
	EndGlobalSection
	GlobalSection(ProjectConfigurationPlatforms) = postSolution
		{5565DC13-DAFC-4CBE-A028-B80BD9409CC8}.Debug|Any CPU.ActiveCfg = Debug|Any CPU
		{5565DC13-DAFC-4CBE-A028-B80BD9409CC8}.Debug|Any CPU.Build.0 = Debug|Any CPU
		{5565DC13-DAFC-4CBE-A028-B80BD9409CC8}.Release|Any CPU.ActiveCfg = Release|Any CPU
		{5565DC13-DAFC-4CBE-A028-B80BD9409CC8}.Release|Any CPU.Build.0 = Release|Any CPU
	EndGlobalSection
	GlobalSection(SolutionProperties) = preSolution
		HideSolutionNode = FALSE
	EndGlobalSection
	GlobalSection(ExtensibilityGlobals) = postSolution
		SolutionGuid = {AB2E9F6A-7ACB-4A8F-9E22-DE44C55208FB}
	EndGlobalSection
EndGlobal
